
Microsoft Visual Studio Solution File, Format Version 12.00
# Visual Studio Version 17
VisualStudioVersion = 17.8.34330.188
MinimumVisualStudioVersion = 10.0.40219.1
Project("{FAE04EC0-301F-11D3-BF4B-00C04F79EFBC}") = "backend", "backend\backend.csproj", "{618915E6-0EF5-4D52-BC05-4A7A81C9629A}"
EndProject
Global
	GlobalSection(SolutionConfigurationPlatforms) = preSolution
		Debug|Any CPU = Debug|Any CPU
		Release|Any CPU = Release|Any CPU
	EndGlobalSection
	GlobalSection(ProjectConfigurationPlatforms) = postSolution
		{618915E6-0EF5-4D52-BC05-4A7A81C9629A}.Debug|Any CPU.ActiveCfg = Debug|Any CPU
		{618915E6-0EF5-4D52-BC05-4A7A81C9629A}.Debug|Any CPU.Build.0 = Debug|Any CPU
		{618915E6-0EF5-4D52-BC05-4A7A81C9629A}.Release|Any CPU.ActiveCfg = Release|Any CPU
		{618915E6-0EF5-4D52-BC05-4A7A81C9629A}.Release|Any CPU.Build.0 = Release|Any CPU
	EndGlobalSection
	GlobalSection(SolutionProperties) = preSolution
		HideSolutionNode = FALSE
	EndGlobalSection
	GlobalSection(ExtensibilityGlobals) = postSolution
		SolutionGuid = {78CCA0D9-2DD8-4279-B027-EB0068567E04}
	EndGlobalSection
EndGlobal
