
Microsoft Visual Studio Solution File, Format Version 12.00
# Visual Studio Version 17
VisualStudioVersion = 17.8.34330.188
MinimumVisualStudioVersion = 10.0.40219.1
Project("{FAE04EC0-301F-11D3-BF4B-00C04F79EFBC}") = "education.Server", "education.Server\education.Server.csproj", "{10B32960-808C-4722-97B1-20269694178A}"
EndProject
Project("{54A90642-561A-4BB1-A94E-469ADEE60C69}") = "education.client", "education.client\education.client.esproj", "{332BB82F-CD66-4B64-BFAE-1DADEC8C326F}"
EndProject
Global
	GlobalSection(SolutionConfigurationPlatforms) = preSolution
		Debug|Any CPU = Debug|Any CPU
		Release|Any CPU = Release|Any CPU
	EndGlobalSection
	GlobalSection(ProjectConfigurationPlatforms) = postSolution
		{10B32960-808C-4722-97B1-20269694178A}.Debug|Any CPU.ActiveCfg = Debug|Any CPU
		{10B32960-808C-4722-97B1-20269694178A}.Debug|Any CPU.Build.0 = Debug|Any CPU
		{10B32960-808C-4722-97B1-20269694178A}.Release|Any CPU.ActiveCfg = Release|Any CPU
		{10B32960-808C-4722-97B1-20269694178A}.Release|Any CPU.Build.0 = Release|Any CPU
		{332BB82F-CD66-4B64-BFAE-1DADEC8C326F}.Debug|Any CPU.ActiveCfg = Debug|Any CPU
		{332BB82F-CD66-4B64-BFAE-1DADEC8C326F}.Debug|Any CPU.Build.0 = Debug|Any CPU
		{332BB82F-CD66-4B64-BFAE-1DADEC8C326F}.Debug|Any CPU.Deploy.0 = Debug|Any CPU
		{332BB82F-CD66-4B64-BFAE-1DADEC8C326F}.Release|Any CPU.ActiveCfg = Release|Any CPU
		{332BB82F-CD66-4B64-BFAE-1DADEC8C326F}.Release|Any CPU.Build.0 = Release|Any CPU
		{332BB82F-CD66-4B64-BFAE-1DADEC8C326F}.Release|Any CPU.Deploy.0 = Release|Any CPU
	EndGlobalSection
	GlobalSection(SolutionProperties) = preSolution
		HideSolutionNode = FALSE
	EndGlobalSection
	GlobalSection(ExtensibilityGlobals) = postSolution
		SolutionGuid = {F59E19F0-2EBC-4F1D-9058-0FBE6951354C}
	EndGlobalSection
EndGlobal
